
Microsoft Visual Studio Solution File, Format Version 12.00
# Visual Studio Version 17
VisualStudioVersion = 17.3.32922.545
MinimumVisualStudioVersion = 10.0.40219.1
Project("{FAE04EC0-301F-11D3-BF4B-00C04F79EFBC}") = "Sample_Circular_Queues", "Sample_Circular_Queues\Sample_Circular_Queues.csproj", "{4A0C10B5-A397-4DA7-97A4-7E6E6DF2A457}"
EndProject
Global
	GlobalSection(SolutionConfigurationPlatforms) = preSolution
		Debug|Any CPU = Debug|Any CPU
		Release|Any CPU = Release|Any CPU
	EndGlobalSection
	GlobalSection(ProjectConfigurationPlatforms) = postSolution
		{4A0C10B5-A397-4DA7-97A4-7E6E6DF2A457}.Debug|Any CPU.ActiveCfg = Debug|Any CPU
		{4A0C10B5-A397-4DA7-97A4-7E6E6DF2A457}.Debug|Any CPU.Build.0 = Debug|Any CPU
		{4A0C10B5-A397-4DA7-97A4-7E6E6DF2A457}.Release|Any CPU.ActiveCfg = Release|Any CPU
		{4A0C10B5-A397-4DA7-97A4-7E6E6DF2A457}.Release|Any CPU.Build.0 = Release|Any CPU
	EndGlobalSection
	GlobalSection(SolutionProperties) = preSolution
		HideSolutionNode = FALSE
	EndGlobalSection
	GlobalSection(ExtensibilityGlobals) = postSolution
		SolutionGuid = {24EF5808-F29A-456E-9B67-1A11F44096BB}
	EndGlobalSection
EndGlobal
